// !$*UTF8*$!
{
	archiveVersion = 1;
	classes = {
	};
	objectVersion = 46;
	objects = {

/* Begin PBXBuildFile section */
		C703D8811B4AF52C00627654 /* ProgressView.swift in Sources */ = {isa = PBXBuildFile; fileRef = C703D8801B4AF52C00627654 /* ProgressView.swift */; };
		C703D8831B4AFC5000627654 /* WebServiceManager.swift in Sources */ = {isa = PBXBuildFile; fileRef = C703D8821B4AFC5000627654 /* WebServiceManager.swift */; };
		C71C7DD81B4C289C008ABCEC /* HTTPConnectionManager.swift in Sources */ = {isa = PBXBuildFile; fileRef = C71C7DD71B4C289C008ABCEC /* HTTPConnectionManager.swift */; };
		C749F6B21B481A1000D1B471 /* search.json in Resources */ = {isa = PBXBuildFile; fileRef = C749F6B11B481A1000D1B471 /* search.json */; };
		C749F6B51B481B7F00D1B471 /* FoodInfoTableViewCell.swift in Sources */ = {isa = PBXBuildFile; fileRef = C749F6B41B481B7F00D1B471 /* FoodInfoTableViewCell.swift */; };
		C749F6B81B481CE600D1B471 /* JSONParser.swift in Sources */ = {isa = PBXBuildFile; fileRef = C749F6B71B481CE600D1B471 /* JSONParser.swift */; };
		C749F6BC1B481D4300D1B471 /* DataManager.swift in Sources */ = {isa = PBXBuildFile; fileRef = C749F6BB1B481D4300D1B471 /* DataManager.swift */; };
		C785E2291B6DF18300FED7A0 /* search_pizza.json in Resources */ = {isa = PBXBuildFile; fileRef = C785E2281B6DF18300FED7A0 /* search_pizza.json */; };
		C785E2371B6E02EA00FED7A0 /* CoreDataManager.swift in Sources */ = {isa = PBXBuildFile; fileRef = C785E2361B6E02EA00FED7A0 /* CoreDataManager.swift */; };
		C7A4AFAD1B73C72F009D617F /* NutritionDetailsViewController.swift in Sources */ = {isa = PBXBuildFile; fileRef = C7A4AFAC1B73C72F009D617F /* NutritionDetailsViewController.swift */; };
		C7C4DA331B75DB2D00094DFF /* CustomCell.swift in Sources */ = {isa = PBXBuildFile; fileRef = C7C4DA321B75DB2D00094DFF /* CustomCell.swift */; };
		C7C4DA371B7655AC00094DFF /* Utilities.swift in Sources */ = {isa = PBXBuildFile; fileRef = C7C4DA361B7655AB00094DFF /* Utilities.swift */; };
		C7C4DA391B765A8700094DFF /* Reachability.swift in Sources */ = {isa = PBXBuildFile; fileRef = C7C4DA381B765A8700094DFF /* Reachability.swift */; };
		C7CE03A81B0A528500B6CB0B /* Main.storyboard in Resources */ = {isa = PBXBuildFile; fileRef = C7CE03A61B0A528500B6CB0B /* Main.storyboard */; };
		C7CE03AA1B0A528500B6CB0B /* Images.xcassets in Resources */ = {isa = PBXBuildFile; fileRef = C7CE03A91B0A528500B6CB0B /* Images.xcassets */; };
		C7CE03AD1B0A528500B6CB0B /* LaunchScreen.xib in Resources */ = {isa = PBXBuildFile; fileRef = C7CE03AB1B0A528500B6CB0B /* LaunchScreen.xib */; };
		C7CE03B91B0A528500B6CB0B /* NutrInfoTests.swift in Sources */ = {isa = PBXBuildFile; fileRef = C7CE03B81B0A528500B6CB0B /* NutrInfoTests.swift */; };
		C7DB29451B0BAC5C0056581E /* AppDelegate.swift in Sources */ = {isa = PBXBuildFile; fileRef = C7DB293E1B0BAC5C0056581E /* AppDelegate.swift */; };
		C7DB29461B0BAC5C0056581E /* NutrInfo.xcdatamodeld in Sources */ = {isa = PBXBuildFile; fileRef = C7DB29411B0BAC5C0056581E /* NutrInfo.xcdatamodeld */; };
		C7DB29471B0BAC5C0056581E /* ViewController.swift in Sources */ = {isa = PBXBuildFile; fileRef = C7DB29441B0BAC5C0056581E /* ViewController.swift */; };
/* End PBXBuildFile section */

/* Begin PBXContainerItemProxy section */
		C7CE03B31B0A528500B6CB0B /* PBXContainerItemProxy */ = {
			isa = PBXContainerItemProxy;
			containerPortal = C7CE03921B0A528500B6CB0B /* Project object */;
			proxyType = 1;
			remoteGlobalIDString = C7CE03991B0A528500B6CB0B;
			remoteInfo = NutrInfo;
		};
/* End PBXContainerItemProxy section */

/* Begin PBXFileReference section */
		C703D8801B4AF52C00627654 /* ProgressView.swift */ = {isa = PBXFileReference; fileEncoding = 4; lastKnownFileType = sourcecode.swift; path = ProgressView.swift; sourceTree = "<group>"; };
		C703D8821B4AFC5000627654 /* WebServiceManager.swift */ = {isa = PBXFileReference; fileEncoding = 4; lastKnownFileType = sourcecode.swift; path = WebServiceManager.swift; sourceTree = "<group>"; };
		C71C7DD71B4C289C008ABCEC /* HTTPConnectionManager.swift */ = {isa = PBXFileReference; fileEncoding = 4; lastKnownFileType = sourcecode.swift; path = HTTPConnectionManager.swift; sourceTree = "<group>"; };
		C749F6B11B481A1000D1B471 /* search.json */ = {isa = PBXFileReference; fileEncoding = 4; lastKnownFileType = text.json; path = search.json; sourceTree = "<group>"; };
		C749F6B41B481B7F00D1B471 /* FoodInfoTableViewCell.swift */ = {isa = PBXFileReference; fileEncoding = 4; lastKnownFileType = sourcecode.swift; path = FoodInfoTableViewCell.swift; sourceTree = "<group>"; };
		C749F6B71B481CE600D1B471 /* JSONParser.swift */ = {isa = PBXFileReference; fileEncoding = 4; lastKnownFileType = sourcecode.swift; path = JSONParser.swift; sourceTree = "<group>"; };
		C749F6BB1B481D4300D1B471 /* DataManager.swift */ = {isa = PBXFileReference; fileEncoding = 4; lastKnownFileType = sourcecode.swift; path = DataManager.swift; sourceTree = "<group>"; };
		C785E2281B6DF18300FED7A0 /* search_pizza.json */ = {isa = PBXFileReference; fileEncoding = 4; lastKnownFileType = text.json; path = search_pizza.json; sourceTree = "<group>"; };
		C785E2361B6E02EA00FED7A0 /* CoreDataManager.swift */ = {isa = PBXFileReference; fileEncoding = 4; lastKnownFileType = sourcecode.swift; path = CoreDataManager.swift; sourceTree = "<group>"; };
		C7A4AFAC1B73C72F009D617F /* NutritionDetailsViewController.swift */ = {isa = PBXFileReference; fileEncoding = 4; lastKnownFileType = sourcecode.swift; path = NutritionDetailsViewController.swift; sourceTree = "<group>"; };
		C7C4DA321B75DB2D00094DFF /* CustomCell.swift */ = {isa = PBXFileReference; fileEncoding = 4; lastKnownFileType = sourcecode.swift; path = CustomCell.swift; sourceTree = "<group>"; };
		C7C4DA361B7655AB00094DFF /* Utilities.swift */ = {isa = PBXFileReference; fileEncoding = 4; lastKnownFileType = sourcecode.swift; path = Utilities.swift; sourceTree = "<group>"; };
		C7C4DA381B765A8700094DFF /* Reachability.swift */ = {isa = PBXFileReference; fileEncoding = 4; lastKnownFileType = sourcecode.swift; path = Reachability.swift; sourceTree = "<group>"; };
		C7CE039A1B0A528500B6CB0B /* NutrInfo.app */ = {isa = PBXFileReference; explicitFileType = wrapper.application; includeInIndex = 0; path = NutrInfo.app; sourceTree = BUILT_PRODUCTS_DIR; };
		C7CE039E1B0A528500B6CB0B /* Info.plist */ = {isa = PBXFileReference; lastKnownFileType = text.plist.xml; path = Info.plist; sourceTree = "<group>"; };
		C7CE03A71B0A528500B6CB0B /* Base */ = {isa = PBXFileReference; lastKnownFileType = file.storyboard; name = Base; path = Base.lproj/Main.storyboard; sourceTree = "<group>"; };
		C7CE03A91B0A528500B6CB0B /* Images.xcassets */ = {isa = PBXFileReference; lastKnownFileType = folder.assetcatalog; path = Images.xcassets; sourceTree = "<group>"; };
		C7CE03AC1B0A528500B6CB0B /* Base */ = {isa = PBXFileReference; lastKnownFileType = file.xib; name = Base; path = Base.lproj/LaunchScreen.xib; sourceTree = "<group>"; };
		C7CE03B21B0A528500B6CB0B /* NutrInfoTests.xctest */ = {isa = PBXFileReference; explicitFileType = wrapper.cfbundle; includeInIndex = 0; path = NutrInfoTests.xctest; sourceTree = BUILT_PRODUCTS_DIR; };
		C7CE03B71B0A528500B6CB0B /* Info.plist */ = {isa = PBXFileReference; lastKnownFileType = text.plist.xml; path = Info.plist; sourceTree = "<group>"; };
		C7CE03B81B0A528500B6CB0B /* NutrInfoTests.swift */ = {isa = PBXFileReference; lastKnownFileType = sourcecode.swift; path = NutrInfoTests.swift; sourceTree = "<group>"; };
		C7DB293E1B0BAC5C0056581E /* AppDelegate.swift */ = {isa = PBXFileReference; fileEncoding = 4; lastKnownFileType = sourcecode.swift; path = AppDelegate.swift; sourceTree = "<group>"; };
		C7DB29421B0BAC5C0056581E /* NutrInfo.xcdatamodel */ = {isa = PBXFileReference; lastKnownFileType = wrapper.xcdatamodel; path = NutrInfo.xcdatamodel; sourceTree = "<group>"; };
		C7DB29441B0BAC5C0056581E /* ViewController.swift */ = {isa = PBXFileReference; fileEncoding = 4; lastKnownFileType = sourcecode.swift; path = ViewController.swift; sourceTree = "<group>"; };
/* End PBXFileReference section */

/* Begin PBXFrameworksBuildPhase section */
		C7CE03971B0A528500B6CB0B /* Frameworks */ = {
			isa = PBXFrameworksBuildPhase;
			buildActionMask = 2147483647;
			files = (
			);
			runOnlyForDeploymentPostprocessing = 0;
		};
		C7CE03AF1B0A528500B6CB0B /* Frameworks */ = {
			isa = PBXFrameworksBuildPhase;
			buildActionMask = 2147483647;
			files = (
			);
			runOnlyForDeploymentPostprocessing = 0;
		};
/* End PBXFrameworksBuildPhase section */

/* Begin PBXGroup section */
		C71C7DD61B4C2884008ABCEC /* HTTPConnection */ = {
			isa = PBXGroup;
			children = (
				C71C7DD71B4C289C008ABCEC /* HTTPConnectionManager.swift */,
			);
			path = HTTPConnection;
			sourceTree = "<group>";
		};
		C749F6B01B481A1000D1B471 /* Resources */ = {
			isa = PBXGroup;
			children = (
				C785E2281B6DF18300FED7A0 /* search_pizza.json */,
				C749F6B11B481A1000D1B471 /* search.json */,
			);
			path = Resources;
			sourceTree = "<group>";
		};
		C749F6B31B481B4100D1B471 /* View */ = {
			isa = PBXGroup;
			children = (
				C749F6B41B481B7F00D1B471 /* FoodInfoTableViewCell.swift */,
				C703D8801B4AF52C00627654 /* ProgressView.swift */,
				C7C4DA321B75DB2D00094DFF /* CustomCell.swift */,
			);
			path = View;
			sourceTree = "<group>";
		};
		C749F6B61B481CD200D1B471 /* JSON Parser */ = {
			isa = PBXGroup;
			children = (
				C749F6B71B481CE600D1B471 /* JSONParser.swift */,
			);
			path = "JSON Parser";
			sourceTree = "<group>";
		};
		C749F6B91B481D1C00D1B471 /* Data Manager */ = {
			isa = PBXGroup;
			children = (
				C749F6BB1B481D4300D1B471 /* DataManager.swift */,
			);
			path = "Data Manager";
			sourceTree = "<group>";
		};
		C749F6BA1B481D1C00D1B471 /* Web Service Manager */ = {
			isa = PBXGroup;
			children = (
				C703D8821B4AFC5000627654 /* WebServiceManager.swift */,
			);
			path = "Web Service Manager";
			sourceTree = "<group>";
		};
		C785E2351B6E02D200FED7A0 /* Core Data Utilities */ = {
			isa = PBXGroup;
			children = (
				C785E2361B6E02EA00FED7A0 /* CoreDataManager.swift */,
			);
			path = "Core Data Utilities";
			sourceTree = "<group>";
		};
		C7CE03911B0A528500B6CB0B = {
			isa = PBXGroup;
			children = (
				C7CE039C1B0A528500B6CB0B /* NutrInfo */,
				C7CE03B51B0A528500B6CB0B /* NutrInfoTests */,
				C7CE039B1B0A528500B6CB0B /* Products */,
			);
			sourceTree = "<group>";
		};
		C7CE039B1B0A528500B6CB0B /* Products */ = {
			isa = PBXGroup;
			children = (
				C7CE039A1B0A528500B6CB0B /* NutrInfo.app */,
				C7CE03B21B0A528500B6CB0B /* NutrInfoTests.xctest */,
			);
			name = Products;
			sourceTree = "<group>";
		};
		C7CE039C1B0A528500B6CB0B /* NutrInfo */ = {
			isa = PBXGroup;
			children = (
				C749F6B31B481B4100D1B471 /* View */,
				C749F6B01B481A1000D1B471 /* Resources */,
				C7DB293D1B0BAC5C0056581E /* AppDelegate */,
				C7DB293F1B0BAC5C0056581E /* Common */,
				C7DB29401B0BAC5C0056581E /* Data */,
				C7DB29431B0BAC5C0056581E /* ViewControllers */,
				C7CE03A61B0A528500B6CB0B /* Main.storyboard */,
				C7CE03A91B0A528500B6CB0B /* Images.xcassets */,
				C7CE03AB1B0A528500B6CB0B /* LaunchScreen.xib */,
				C7CE039D1B0A528500B6CB0B /* Supporting Files */,
			);
			path = NutrInfo;
			sourceTree = "<group>";
		};
		C7CE039D1B0A528500B6CB0B /* Supporting Files */ = {
			isa = PBXGroup;
			children = (
				C7CE039E1B0A528500B6CB0B /* Info.plist */,
			);
			name = "Supporting Files";
			sourceTree = "<group>";
		};
		C7CE03B51B0A528500B6CB0B /* NutrInfoTests */ = {
			isa = PBXGroup;
			children = (
				C7CE03B81B0A528500B6CB0B /* NutrInfoTests.swift */,
				C7CE03B61B0A528500B6CB0B /* Supporting Files */,
			);
			path = NutrInfoTests;
			sourceTree = "<group>";
		};
		C7CE03B61B0A528500B6CB0B /* Supporting Files */ = {
			isa = PBXGroup;
			children = (
				C7CE03B71B0A528500B6CB0B /* Info.plist */,
			);
			name = "Supporting Files";
			sourceTree = "<group>";
		};
		C7DB293D1B0BAC5C0056581E /* AppDelegate */ = {
			isa = PBXGroup;
			children = (
				C7DB293E1B0BAC5C0056581E /* AppDelegate.swift */,
			);
			path = AppDelegate;
			sourceTree = "<group>";
		};
		C7DB293F1B0BAC5C0056581E /* Common */ = {
			isa = PBXGroup;
			children = (
				C7C4DA361B7655AB00094DFF /* Utilities.swift */,
				C7C4DA381B765A8700094DFF /* Reachability.swift */,
			);
			path = Common;
			sourceTree = "<group>";
		};
		C7DB29401B0BAC5C0056581E /* Data */ = {
			isa = PBXGroup;
			children = (
				C785E2351B6E02D200FED7A0 /* Core Data Utilities */,
				C71C7DD61B4C2884008ABCEC /* HTTPConnection */,
				C749F6B91B481D1C00D1B471 /* Data Manager */,
				C749F6BA1B481D1C00D1B471 /* Web Service Manager */,
				C749F6B61B481CD200D1B471 /* JSON Parser */,
				C7DB29411B0BAC5C0056581E /* NutrInfo.xcdatamodeld */,
			);
			path = Data;
			sourceTree = "<group>";
		};
		C7DB29431B0BAC5C0056581E /* ViewControllers */ = {
			isa = PBXGroup;
			children = (
				C7DB29441B0BAC5C0056581E /* ViewController.swift */,
				C7A4AFAC1B73C72F009D617F /* NutritionDetailsViewController.swift */,
			);
			path = ViewControllers;
			sourceTree = "<group>";
		};
/* End PBXGroup section */

/* Begin PBXNativeTarget section */
		C7CE03991B0A528500B6CB0B /* NutrInfo */ = {
			isa = PBXNativeTarget;
			buildConfigurationList = C7CE03BC1B0A528500B6CB0B /* Build configuration list for PBXNativeTarget "NutrInfo" */;
			buildPhases = (
				C7CE03961B0A528500B6CB0B /* Sources */,
				C7CE03971B0A528500B6CB0B /* Frameworks */,
				C7CE03981B0A528500B6CB0B /* Resources */,
			);
			buildRules = (
			);
			dependencies = (
			);
			name = NutrInfo;
			productName = NutrInfo;
			productReference = C7CE039A1B0A528500B6CB0B /* NutrInfo.app */;
			productType = "com.apple.product-type.application";
		};
		C7CE03B11B0A528500B6CB0B /* NutrInfoTests */ = {
			isa = PBXNativeTarget;
			buildConfigurationList = C7CE03BF1B0A528500B6CB0B /* Build configuration list for PBXNativeTarget "NutrInfoTests" */;
			buildPhases = (
				C7CE03AE1B0A528500B6CB0B /* Sources */,
				C7CE03AF1B0A528500B6CB0B /* Frameworks */,
				C7CE03B01B0A528500B6CB0B /* Resources */,
			);
			buildRules = (
			);
			dependencies = (
				C7CE03B41B0A528500B6CB0B /* PBXTargetDependency */,
			);
			name = NutrInfoTests;
			productName = NutrInfoTests;
			productReference = C7CE03B21B0A528500B6CB0B /* NutrInfoTests.xctest */;
			productType = "com.apple.product-type.bundle.unit-test";
		};
/* End PBXNativeTarget section */

/* Begin PBXProject section */
		C7CE03921B0A528500B6CB0B /* Project object */ = {
			isa = PBXProject;
			attributes = {
				LastUpgradeCheck = 0630;
				ORGANIZATIONNAME = Rakesh;
				TargetAttributes = {
					C7CE03991B0A528500B6CB0B = {
						CreatedOnToolsVersion = 6.3;
					};
					C7CE03B11B0A528500B6CB0B = {
						CreatedOnToolsVersion = 6.3;
						TestTargetID = C7CE03991B0A528500B6CB0B;
					};
				};
			};
			buildConfigurationList = C7CE03951B0A528500B6CB0B /* Build configuration list for PBXProject "NutrInfo" */;
			compatibilityVersion = "Xcode 3.2";
			developmentRegion = English;
			hasScannedForEncodings = 0;
			knownRegions = (
				en,
				Base,
			);
			mainGroup = C7CE03911B0A528500B6CB0B;
			productRefGroup = C7CE039B1B0A528500B6CB0B /* Products */;
			projectDirPath = "";
			projectRoot = "";
			targets = (
				C7CE03991B0A528500B6CB0B /* NutrInfo */,
				C7CE03B11B0A528500B6CB0B /* NutrInfoTests */,
			);
		};
/* End PBXProject section */

/* Begin PBXResourcesBuildPhase section */
		C7CE03981B0A528500B6CB0B /* Resources */ = {
			isa = PBXResourcesBuildPhase;
			buildActionMask = 2147483647;
			files = (
				C7CE03A81B0A528500B6CB0B /* Main.storyboard in Resources */,
				C785E2291B6DF18300FED7A0 /* search_pizza.json in Resources */,
				C749F6B21B481A1000D1B471 /* search.json in Resources */,
				C7CE03AD1B0A528500B6CB0B /* LaunchScreen.xib in Resources */,
				C7CE03AA1B0A528500B6CB0B /* Images.xcassets in Resources */,
			);
			runOnlyForDeploymentPostprocessing = 0;
		};
		C7CE03B01B0A528500B6CB0B /* Resources */ = {
			isa = PBXResourcesBuildPhase;
			buildActionMask = 2147483647;
			files = (
			);
			runOnlyForDeploymentPostprocessing = 0;
		};
/* End PBXResourcesBuildPhase section */

/* Begin PBXSourcesBuildPhase section */
		C7CE03961B0A528500B6CB0B /* Sources */ = {
			isa = PBXSourcesBuildPhase;
			buildActionMask = 2147483647;
			files = (
				C7C4DA391B765A8700094DFF /* Reachability.swift in Sources */,
				C7DB29471B0BAC5C0056581E /* ViewController.swift in Sources */,
				C749F6BC1B481D4300D1B471 /* DataManager.swift in Sources */,
				C749F6B81B481CE600D1B471 /* JSONParser.swift in Sources */,
				C749F6B51B481B7F00D1B471 /* FoodInfoTableViewCell.swift in Sources */,
				C7C4DA371B7655AC00094DFF /* Utilities.swift in Sources */,
				C703D8811B4AF52C00627654 /* ProgressView.swift in Sources */,
				C7A4AFAD1B73C72F009D617F /* NutritionDetailsViewController.swift in Sources */,
				C7DB29461B0BAC5C0056581E /* NutrInfo.xcdatamodeld in Sources */,
				C71C7DD81B4C289C008ABCEC /* HTTPConnectionManager.swift in Sources */,
				C7DB29451B0BAC5C0056581E /* AppDelegate.swift in Sources */,
				C703D8831B4AFC5000627654 /* WebServiceManager.swift in Sources */,
				C7C4DA331B75DB2D00094DFF /* CustomCell.swift in Sources */,
				C785E2371B6E02EA00FED7A0 /* CoreDataManager.swift in Sources */,
			);
			runOnlyForDeploymentPostprocessing = 0;
		};
		C7CE03AE1B0A528500B6CB0B /* Sources */ = {
			isa = PBXSourcesBuildPhase;
			buildActionMask = 2147483647;
			files = (
				C7CE03B91B0A528500B6CB0B /* NutrInfoTests.swift in Sources */,
			);
			runOnlyForDeploymentPostprocessing = 0;
		};
/* End PBXSourcesBuildPhase section */

/* Begin PBXTargetDependency section */
		C7CE03B41B0A528500B6CB0B /* PBXTargetDependency */ = {
			isa = PBXTargetDependency;
			target = C7CE03991B0A528500B6CB0B /* NutrInfo */;
			targetProxy = C7CE03B31B0A528500B6CB0B /* PBXContainerItemProxy */;
		};
/* End PBXTargetDependency section */

/* Begin PBXVariantGroup section */
		C7CE03A61B0A528500B6CB0B /* Main.storyboard */ = {
			isa = PBXVariantGroup;
			children = (
				C7CE03A71B0A528500B6CB0B /* Base */,
			);
			name = Main.storyboard;
			sourceTree = "<group>";
		};
		C7CE03AB1B0A528500B6CB0B /* LaunchScreen.xib */ = {
			isa = PBXVariantGroup;
			children = (
				C7CE03AC1B0A528500B6CB0B /* Base */,
			);
			name = LaunchScreen.xib;
			sourceTree = "<group>";
		};
/* End PBXVariantGroup section */

/* Begin XCBuildConfiguration section */
		C7CE03BA1B0A528500B6CB0B /* Debug */ = {
			isa = XCBuildConfiguration;
			buildSettings = {
				ALWAYS_SEARCH_USER_PATHS = NO;
				CLANG_CXX_LANGUAGE_STANDARD = "gnu++0x";
				CLANG_CXX_LIBRARY = "libc++";
				CLANG_ENABLE_MODULES = YES;
				CLANG_ENABLE_OBJC_ARC = YES;
				CLANG_WARN_BOOL_CONVERSION = YES;
				CLANG_WARN_CONSTANT_CONVERSION = YES;
				CLANG_WARN_DIRECT_OBJC_ISA_USAGE = YES_ERROR;
				CLANG_WARN_EMPTY_BODY = YES;
				CLANG_WARN_ENUM_CONVERSION = YES;
				CLANG_WARN_INT_CONVERSION = YES;
				CLANG_WARN_OBJC_ROOT_CLASS = YES_ERROR;
				CLANG_WARN_UNREACHABLE_CODE = YES;
				CLANG_WARN__DUPLICATE_METHOD_MATCH = YES;
				"CODE_SIGN_IDENTITY[sdk=iphoneos*]" = "iPhone Developer";
				COPY_PHASE_STRIP = NO;
				DEBUG_INFORMATION_FORMAT = "dwarf-with-dsym";
				ENABLE_STRICT_OBJC_MSGSEND = YES;
				GCC_C_LANGUAGE_STANDARD = gnu99;
				GCC_DYNAMIC_NO_PIC = NO;
				GCC_NO_COMMON_BLOCKS = YES;
				GCC_OPTIMIZATION_LEVEL = 0;
				GCC_PREPROCESSOR_DEFINITIONS = (
					"DEBUG=1",
					"$(inherited)",
				);
				GCC_SYMBOLS_PRIVATE_EXTERN = NO;
				GCC_WARN_64_TO_32_BIT_CONVERSION = YES;
				GCC_WARN_ABOUT_RETURN_TYPE = YES_ERROR;
				GCC_WARN_UNDECLARED_SELECTOR = YES;
				GCC_WARN_UNINITIALIZED_AUTOS = YES_AGGRESSIVE;
				GCC_WARN_UNUSED_FUNCTION = YES;
				GCC_WARN_UNUSED_VARIABLE = YES;
				IPHONEOS_DEPLOYMENT_TARGET = 8.3;
				MTL_ENABLE_DEBUG_INFO = YES;
				ONLY_ACTIVE_ARCH = YES;
				SDKROOT = iphoneos;
				SWIFT_OPTIMIZATION_LEVEL = "-Onone";
			};
			name = Debug;
		};
		C7CE03BB1B0A528500B6CB0B /* Release */ = {
			isa = XCBuildConfiguration;
			buildSettings = {
				ALWAYS_SEARCH_USER_PATHS = NO;
				CLANG_CXX_LANGUAGE_STANDARD = "gnu++0x";
				CLANG_CXX_LIBRARY = "libc++";
				CLANG_ENABLE_MODULES = YES;
				CLANG_ENABLE_OBJC_ARC = YES;
				CLANG_WARN_BOOL_CONVERSION = YES;
				CLANG_WARN_CONSTANT_CONVERSION = YES;
				CLANG_WARN_DIRECT_OBJC_ISA_USAGE = YES_ERROR;
				CLANG_WARN_EMPTY_BODY = YES;
				CLANG_WARN_ENUM_CONVERSION = YES;
				CLANG_WARN_INT_CONVERSION = YES;
				CLANG_WARN_OBJC_ROOT_CLASS = YES_ERROR;
				CLANG_WARN_UNREACHABLE_CODE = YES;
				CLANG_WARN__DUPLICATE_METHOD_MATCH = YES;
				"CODE_SIGN_IDENTITY[sdk=iphoneos*]" = "iPhone Developer";
				COPY_PHASE_STRIP = NO;
				DEBUG_INFORMATION_FORMAT = "dwarf-with-dsym";
				ENABLE_NS_ASSERTIONS = NO;
				ENABLE_STRICT_OBJC_MSGSEND = YES;
				GCC_C_LANGUAGE_STANDARD = gnu99;
				GCC_NO_COMMON_BLOCKS = YES;
				GCC_WARN_64_TO_32_BIT_CONVERSION = YES;
				GCC_WARN_ABOUT_RETURN_TYPE = YES_ERROR;
				GCC_WARN_UNDECLARED_SELECTOR = YES;
				GCC_WARN_UNINITIALIZED_AUTOS = YES_AGGRESSIVE;
				GCC_WARN_UNUSED_FUNCTION = YES;
				GCC_WARN_UNUSED_VARIABLE = YES;
				IPHONEOS_DEPLOYMENT_TARGET = 8.3;
				MTL_ENABLE_DEBUG_INFO = NO;
				SDKROOT = iphoneos;
				VALIDATE_PRODUCT = YES;
			};
			name = Release;
		};
		C7CE03BD1B0A528500B6CB0B /* Debug */ = {
			isa = XCBuildConfiguration;
			buildSettings = {
				ASSETCATALOG_COMPILER_APPICON_NAME = AppIcon;
				CLANG_ENABLE_MODULES = YES;
				"CODE_SIGN_IDENTITY[sdk=iphoneos*]" = "iPhone Developer: Petar Yovkov (GKJSQ5UXV8)";
				INFOPLIST_FILE = NutrInfo/Info.plist;
				IPHONEOS_DEPLOYMENT_TARGET = 8.0;
				LD_RUNPATH_SEARCH_PATHS = "$(inherited) @executable_path/Frameworks";
				PRODUCT_NAME = "$(TARGET_NAME)";
				PROVISIONING_PROFILE = "88c56a77-5017-4ddb-8f74-8039fb69602b";
				SWIFT_OBJC_BRIDGING_HEADER = "";
				SWIFT_OPTIMIZATION_LEVEL = "-Onone";
			};
			name = Debug;
		};
		C7CE03BE1B0A528500B6CB0B /* Release */ = {
			isa = XCBuildConfiguration;
			buildSettings = {
				ASSETCATALOG_COMPILER_APPICON_NAME = AppIcon;
				CLANG_ENABLE_MODULES = YES;
				INFOPLIST_FILE = NutrInfo/Info.plist;
				IPHONEOS_DEPLOYMENT_TARGET = 8.0;
				LD_RUNPATH_SEARCH_PATHS = "$(inherited) @executable_path/Frameworks";
				PRODUCT_NAME = "$(TARGET_NAME)";
				SWIFT_OBJC_BRIDGING_HEADER = "";
			};
			name = Release;
		};
		C7CE03C01B0A528500B6CB0B /* Debug */ = {
			isa = XCBuildConfiguration;
			buildSettings = {
				BUNDLE_LOADER = "$(TEST_HOST)";
				FRAMEWORK_SEARCH_PATHS = (
					"$(SDKROOT)/Developer/Library/Frameworks",
					"$(inherited)",
				);
				GCC_PREPROCESSOR_DEFINITIONS = (
					"DEBUG=1",
					"$(inherited)",
				);
				INFOPLIST_FILE = NutrInfoTests/Info.plist;
				LD_RUNPATH_SEARCH_PATHS = "$(inherited) @executable_path/Frameworks @loader_path/Frameworks";
				PRODUCT_NAME = "$(TARGET_NAME)";
				TEST_HOST = "$(BUILT_PRODUCTS_DIR)/NutrInfo.app/NutrInfo";
			};
			name = Debug;
		};
		C7CE03C11B0A528500B6CB0B /* Release */ = {
			isa = XCBuildConfiguration;
			buildSettings = {
				BUNDLE_LOADER = "$(TEST_HOST)";
				FRAMEWORK_SEARCH_PATHS = (
					"$(SDKROOT)/Developer/Library/Frameworks",
					"$(inherited)",
				);
				INFOPLIST_FILE = NutrInfoTests/Info.plist;
				LD_RUNPATH_SEARCH_PATHS = "$(inherited) @executable_path/Frameworks @loader_path/Frameworks";
				PRODUCT_NAME = "$(TARGET_NAME)";
				TEST_HOST = "$(BUILT_PRODUCTS_DIR)/NutrInfo.app/NutrInfo";
			};
			name = Release;
		};
/* End XCBuildConfiguration section */

/* Begin XCConfigurationList section */
		C7CE03951B0A528500B6CB0B /* Build configuration list for PBXProject "NutrInfo" */ = {
			isa = XCConfigurationList;
			buildConfigurations = (
				C7CE03BA1B0A528500B6CB0B /* Debug */,
				C7CE03BB1B0A528500B6CB0B /* Release */,
			);
			defaultConfigurationIsVisible = 0;
			defaultConfigurationName = Release;
		};
		C7CE03BC1B0A528500B6CB0B /* Build configuration list for PBXNativeTarget "NutrInfo" */ = {
			isa = XCConfigurationList;
			buildConfigurations = (
				C7CE03BD1B0A528500B6CB0B /* Debug */,
				C7CE03BE1B0A528500B6CB0B /* Release */,
			);
			defaultConfigurationIsVisible = 0;
			defaultConfigurationName = Release;
		};
		C7CE03BF1B0A528500B6CB0B /* Build configuration list for PBXNativeTarget "NutrInfoTests" */ = {
			isa = XCConfigurationList;
			buildConfigurations = (
				C7CE03C01B0A528500B6CB0B /* Debug */,
				C7CE03C11B0A528500B6CB0B /* Release */,
			);
			defaultConfigurationIsVisible = 0;
			defaultConfigurationName = Release;
		};
/* End XCConfigurationList section */

/* Begin XCVersionGroup section */
		C7DB29411B0BAC5C0056581E /* NutrInfo.xcdatamodeld */ = {
			isa = XCVersionGroup;
			children = (
				C7DB29421B0BAC5C0056581E /* NutrInfo.xcdatamodel */,
			);
			currentVersion = C7DB29421B0BAC5C0056581E /* NutrInfo.xcdatamodel */;
			path = NutrInfo.xcdatamodeld;
			sourceTree = "<group>";
			versionGroupType = wrapper.xcdatamodel;
		};
/* End XCVersionGroup section */
	};
	rootObject = C7CE03921B0A528500B6CB0B /* Project object */;
}
